// !$*UTF8*$!
{
	archiveVersion = 1;
	classes = {
	};
	objectVersion = 50;
	objects = {

/* Begin PBXBuildFile section */
		D85D01DB2663C33000DDFC38 /* AppDelegate.swift in Sources */ = {isa = PBXBuildFile; fileRef = D85D01DA2663C33000DDFC38 /* AppDelegate.swift */; };
		D85D01DD2663C33000DDFC38 /* SceneDelegate.swift in Sources */ = {isa = PBXBuildFile; fileRef = D85D01DC2663C33000DDFC38 /* SceneDelegate.swift */; };
		D85D01DF2663C33000DDFC38 /* ViewController.swift in Sources */ = {isa = PBXBuildFile; fileRef = D85D01DE2663C33000DDFC38 /* ViewController.swift */; };
		D85D01E22663C33000DDFC38 /* Main.storyboard in Resources */ = {isa = PBXBuildFile; fileRef = D85D01E02663C33000DDFC38 /* Main.storyboard */; };
		D85D01E42663C33200DDFC38 /* Assets.xcassets in Resources */ = {isa = PBXBuildFile; fileRef = D85D01E32663C33200DDFC38 /* Assets.xcassets */; };
		D85D01E72663C33200DDFC38 /* LaunchScreen.storyboard in Resources */ = {isa = PBXBuildFile; fileRef = D85D01E52663C33200DDFC38 /* LaunchScreen.storyboard */; };
		D8ADD7AB2664EA6F00CC7F05 /* CoreImage.framework in Frameworks */ = {isa = PBXBuildFile; fileRef = D8ADD7AA2664EA6F00CC7F05 /* CoreImage.framework */; };
		D8BAC52B26918D31008168D8 /* Images.xcassets in Resources */ = {isa = PBXBuildFile; fileRef = D8BAC52A26918D31008168D8 /* Images.xcassets */; };
/* End PBXBuildFile section */

/* Begin PBXFileReference section */
		D85D01D72663C33000DDFC38 /* Summer.app */ = {isa = PBXFileReference; explicitFileType = wrapper.application; includeInIndex = 0; path = Summer.app; sourceTree = BUILT_PRODUCTS_DIR; };
		D85D01DA2663C33000DDFC38 /* AppDelegate.swift */ = {isa = PBXFileReference; lastKnownFileType = sourcecode.swift; path = AppDelegate.swift; sourceTree = "<group>"; };
		D85D01DC2663C33000DDFC38 /* SceneDelegate.swift */ = {isa = PBXFileReference; lastKnownFileType = sourcecode.swift; path = SceneDelegate.swift; sourceTree = "<group>"; };
		D85D01DE2663C33000DDFC38 /* ViewController.swift */ = {isa = PBXFileReference; lastKnownFileType = sourcecode.swift; path = ViewController.swift; sourceTree = "<group>"; };
		D85D01E12663C33000DDFC38 /* Base */ = {isa = PBXFileReference; lastKnownFileType = file.storyboard; name = Base; path = Base.lproj/Main.storyboard; sourceTree = "<group>"; };
		D85D01E32663C33200DDFC38 /* Assets.xcassets */ = {isa = PBXFileReference; lastKnownFileType = folder.assetcatalog; path = Assets.xcassets; sourceTree = "<group>"; };
		D85D01E62663C33200DDFC38 /* Base */ = {isa = PBXFileReference; lastKnownFileType = file.storyboard; name = Base; path = Base.lproj/LaunchScreen.storyboard; sourceTree = "<group>"; };
		D85D01E82663C33200DDFC38 /* Info.plist */ = {isa = PBXFileReference; lastKnownFileType = text.plist.xml; path = Info.plist; sourceTree = "<group>"; };
		D8ADD7AA2664EA6F00CC7F05 /* CoreImage.framework */ = {isa = PBXFileReference; lastKnownFileType = wrapper.framework; name = CoreImage.framework; path = System/Library/Frameworks/CoreImage.framework; sourceTree = SDKROOT; };
		D8BAC52A26918D31008168D8 /* Images.xcassets */ = {isa = PBXFileReference; lastKnownFileType = folder.assetcatalog; path = Images.xcassets; sourceTree = "<group>"; };
/* End PBXFileReference section */

/* Begin PBXFrameworksBuildPhase section */
		D85D01D42663C33000DDFC38 /* Frameworks */ = {
			isa = PBXFrameworksBuildPhase;
			buildActionMask = 2147483647;
			files = (
				D8ADD7AB2664EA6F00CC7F05 /* CoreImage.framework in Frameworks */,
			);
			runOnlyForDeploymentPostprocessing = 0;
		};
/* End PBXFrameworksBuildPhase section */

/* Begin PBXGroup section */
		D85D01CE2663C33000DDFC38 = {
			isa = PBXGroup;
			children = (
				D85D01D92663C33000DDFC38 /* Summer */,
				D85D01D82663C33000DDFC38 /* Products */,
				D8ADD7A92664EA6E00CC7F05 /* Frameworks */,
			);
			sourceTree = "<group>";
		};
		D85D01D82663C33000DDFC38 /* Products */ = {
			isa = PBXGroup;
			children = (
				D85D01D72663C33000DDFC38 /* Summer.app */,
			);
			name = Products;
			sourceTree = "<group>";
		};
		D85D01D92663C33000DDFC38 /* Summer */ = {
			isa = PBXGroup;
			children = (
				D85D01DA2663C33000DDFC38 /* AppDelegate.swift */,
				D85D01DC2663C33000DDFC38 /* SceneDelegate.swift */,
				D85D01DE2663C33000DDFC38 /* ViewController.swift */,
				D85D01E02663C33000DDFC38 /* Main.storyboard */,
				D85D01E32663C33200DDFC38 /* Assets.xcassets */,
				D85D01E52663C33200DDFC38 /* LaunchScreen.storyboard */,
				D85D01E82663C33200DDFC38 /* Info.plist */,
				D8BAC52A26918D31008168D8 /* Images.xcassets */,
			);
			path = Summer;
			sourceTree = "<group>";
		};
		D8ADD7A92664EA6E00CC7F05 /* Frameworks */ = {
			isa = PBXGroup;
			children = (
				D8ADD7AA2664EA6F00CC7F05 /* CoreImage.framework */,
			);
			name = Frameworks;
			sourceTree = "<group>";
		};
/* End PBXGroup section */

/* Begin PBXNativeTarget section */
		D85D01D62663C33000DDFC38 /* Summer */ = {
			isa = PBXNativeTarget;
			buildConfigurationList = D85D01EB2663C33200DDFC38 /* Build configuration list for PBXNativeTarget "Summer" */;
			buildPhases = (
				D85D01D32663C33000DDFC38 /* Sources */,
				D85D01D42663C33000DDFC38 /* Frameworks */,
				D85D01D52663C33000DDFC38 /* Resources */,
			);
			buildRules = (
			);
			dependencies = (
			);
			name = Summer;
			productName = Summer;
			productReference = D85D01D72663C33000DDFC38 /* Summer.app */;
			productType = "com.apple.product-type.application";
		};
/* End PBXNativeTarget section */

/* Begin PBXProject section */
		D85D01CF2663C33000DDFC38 /* Project object */ = {
			isa = PBXProject;
			attributes = {
				LastSwiftUpdateCheck = 1250;
				LastUpgradeCheck = 1250;
				TargetAttributes = {
					D85D01D62663C33000DDFC38 = {
						CreatedOnToolsVersion = 12.5;
					};
				};
			};
			buildConfigurationList = D85D01D22663C33000DDFC38 /* Build configuration list for PBXProject "Summer" */;
			compatibilityVersion = "Xcode 9.3";
			developmentRegion = en;
			hasScannedForEncodings = 0;
			knownRegions = (
				en,
				Base,
			);
			mainGroup = D85D01CE2663C33000DDFC38;
			productRefGroup = D85D01D82663C33000DDFC38 /* Products */;
			projectDirPath = "";
			projectRoot = "";
			targets = (
				D85D01D62663C33000DDFC38 /* Summer */,
			);
		};
/* End PBXProject section */

/* Begin PBXResourcesBuildPhase section */
		D85D01D52663C33000DDFC38 /* Resources */ = {
			isa = PBXResourcesBuildPhase;
			buildActionMask = 2147483647;
			files = (
				D85D01E72663C33200DDFC38 /* LaunchScreen.storyboard in Resources */,
				D8BAC52B26918D31008168D8 /* Images.xcassets in Resources */,
				D85D01E42663C33200DDFC38 /* Assets.xcassets in Resources */,
				D85D01E22663C33000DDFC38 /* Main.storyboard in Resources */,
			);
			runOnlyForDeploymentPostprocessing = 0;
		};
/* End PBXResourcesBuildPhase section */

/* Begin PBXSourcesBuildPhase section */
		D85D01D32663C33000DDFC38 /* Sources */ = {
			isa = PBXSourcesBuildPhase;
			buildActionMask = 2147483647;
			files = (
				D85D01DF2663C33000DDFC38 /* ViewController.swift in Sources */,
				D85D01DB2663C33000DDFC38 /* AppDelegate.swift in Sources */,
				D85D01DD2663C33000DDFC38 /* SceneDelegate.swift in Sources */,
			);
			runOnlyForDeploymentPostprocessing = 0;
		};
/* End PBXSourcesBuildPhase section */

/* Begin PBXVariantGroup section */
		D85D01E02663C33000DDFC38 /* Main.storyboard */ = {
			isa = PBXVariantGroup;
			children = (
				D85D01E12663C33000DDFC38 /* Base */,
			);
			name = Main.storyboard;
			sourceTree = "<group>";
		};
		D85D01E52663C33200DDFC38 /* LaunchScreen.storyboard */ = {
			isa = PBXVariantGroup;
			children = (
				D85D01E62663C33200DDFC38 /* Base */,
			);
			name = LaunchScreen.storyboard;
			sourceTree = "<group>";
		};
/* End PBXVariantGroup section */

/* Begin XCBuildConfiguration section */
		D85D01E92663C33200DDFC38 /* Debug */ = {
			isa = XCBuildConfiguration;
			buildSettings = {
				ALWAYS_SEARCH_USER_PATHS = NO;
				CLANG_ANALYZER_NONNULL = YES;
				CLANG_ANALYZER_NUMBER_OBJECT_CONVERSION = YES_AGGRESSIVE;
				CLANG_CXX_LANGUAGE_STANDARD = "gnu++14";
				CLANG_CXX_LIBRARY = "libc++";
				CLANG_ENABLE_MODULES = YES;
				CLANG_ENABLE_OBJC_ARC = YES;
				CLANG_ENABLE_OBJC_WEAK = YES;
				CLANG_WARN_BLOCK_CAPTURE_AUTORELEASING = YES;
				CLANG_WARN_BOOL_CONVERSION = YES;
				CLANG_WARN_COMMA = YES;
				CLANG_WARN_CONSTANT_CONVERSION = YES;
				CLANG_WARN_DEPRECATED_OBJC_IMPLEMENTATIONS = YES;
				CLANG_WARN_DIRECT_OBJC_ISA_USAGE = YES_ERROR;
				CLANG_WARN_DOCUMENTATION_COMMENTS = YES;
				CLANG_WARN_EMPTY_BODY = YES;
				CLANG_WARN_ENUM_CONVERSION = YES;
				CLANG_WARN_INFINITE_RECURSION = YES;
				CLANG_WARN_INT_CONVERSION = YES;
				CLANG_WARN_NON_LITERAL_NULL_CONVERSION = YES;
				CLANG_WARN_OBJC_IMPLICIT_RETAIN_SELF = YES;
				CLANG_WARN_OBJC_LITERAL_CONVERSION = YES;
				CLANG_WARN_OBJC_ROOT_CLASS = YES_ERROR;
				CLANG_WARN_QUOTED_INCLUDE_IN_FRAMEWORK_HEADER = YES;
				CLANG_WARN_RANGE_LOOP_ANALYSIS = YES;
				CLANG_WARN_STRICT_PROTOTYPES = YES;
				CLANG_WARN_SUSPICIOUS_MOVE = YES;
				CLANG_WARN_UNGUARDED_AVAILABILITY = YES_AGGRESSIVE;
				CLANG_WARN_UNREACHABLE_CODE = YES;
				CLANG_WARN__DUPLICATE_METHOD_MATCH = YES;
				COPY_PHASE_STRIP = NO;
				DEBUG_INFORMATION_FORMAT = dwarf;
				ENABLE_STRICT_OBJC_MSGSEND = YES;
				ENABLE_TESTABILITY = YES;
				GCC_C_LANGUAGE_STANDARD = gnu11;
				GCC_DYNAMIC_NO_PIC = NO;
				GCC_NO_COMMON_BLOCKS = YES;
				GCC_OPTIMIZATION_LEVEL = 0;
				GCC_PREPROCESSOR_DEFINITIONS = (
					"DEBUG=1",
					"$(inherited)",
				);
				GCC_WARN_64_TO_32_BIT_CONVERSION = YES;
				GCC_WARN_ABOUT_RETURN_TYPE = YES_ERROR;
				GCC_WARN_UNDECLARED_SELECTOR = YES;
				GCC_WARN_UNINITIALIZED_AUTOS = YES_AGGRESSIVE;
				GCC_WARN_UNUSED_FUNCTION = YES;
				GCC_WARN_UNUSED_VARIABLE = YES;
				IPHONEOS_DEPLOYMENT_TARGET = 14.5;
				MTL_ENABLE_DEBUG_INFO = INCLUDE_SOURCE;
				MTL_FAST_MATH = YES;
				ONLY_ACTIVE_ARCH = YES;
				SDKROOT = iphoneos;
				SWIFT_ACTIVE_COMPILATION_CONDITIONS = DEBUG;
				SWIFT_OPTIMIZATION_LEVEL = "-Onone";
			};
			name = Debug;
		};
		D85D01EA2663C33200DDFC38 /* Release */ = {
			isa = XCBuildConfiguration;
			buildSettings = {
				ALWAYS_SEARCH_USER_PATHS = NO;
				CLANG_ANALYZER_NONNULL = YES;
				CLANG_ANALYZER_NUMBER_OBJECT_CONVERSION = YES_AGGRESSIVE;
				CLANG_CXX_LANGUAGE_STANDARD = "gnu++14";
				CLANG_CXX_LIBRARY = "libc++";
				CLANG_ENABLE_MODULES = YES;
				CLANG_ENABLE_OBJC_ARC = YES;
				CLANG_ENABLE_OBJC_WEAK = YES;
				CLANG_WARN_BLOCK_CAPTURE_AUTORELEASING = YES;
				CLANG_WARN_BOOL_CONVERSION = YES;
				CLANG_WARN_COMMA = YES;
				CLANG_WARN_CONSTANT_CONVERSION = YES;
				CLANG_WARN_DEPRECATED_OBJC_IMPLEMENTATIONS = YES;
				CLANG_WARN_DIRECT_OBJC_ISA_USAGE = YES_ERROR;
				CLANG_WARN_DOCUMENTATION_COMMENTS = YES;
				CLANG_WARN_EMPTY_BODY = YES;
				CLANG_WARN_ENUM_CONVERSION = YES;
				CLANG_WARN_INFINITE_RECURSION = YES;
				CLANG_WARN_INT_CONVERSION = YES;
				CLANG_WARN_NON_LITERAL_NULL_CONVERSION = YES;
				CLANG_WARN_OBJC_IMPLICIT_RETAIN_SELF = YES;
				CLANG_WARN_OBJC_LITERAL_CONVERSION = YES;
				CLANG_WARN_OBJC_ROOT_CLASS = YES_ERROR;
				CLANG_WARN_QUOTED_INCLUDE_IN_FRAMEWORK_HEADER = YES;
				CLANG_WARN_RANGE_LOOP_ANALYSIS = YES;
				CLANG_WARN_STRICT_PROTOTYPES = YES;
				CLANG_WARN_SUSPICIOUS_MOVE = YES;
				CLANG_WARN_UNGUARDED_AVAILABILITY = YES_AGGRESSIVE;
				CLANG_WARN_UNREACHABLE_CODE = YES;
				CLANG_WARN__DUPLICATE_METHOD_MATCH = YES;
				COPY_PHASE_STRIP = NO;
				DEBUG_INFORMATION_FORMAT = "dwarf-with-dsym";
				ENABLE_NS_ASSERTIONS = NO;
				ENABLE_STRICT_OBJC_MSGSEND = YES;
				GCC_C_LANGUAGE_STANDARD = gnu11;
				GCC_NO_COMMON_BLOCKS = YES;
				GCC_WARN_64_TO_32_BIT_CONVERSION = YES;
				GCC_WARN_ABOUT_RETURN_TYPE = YES_ERROR;
				GCC_WARN_UNDECLARED_SELECTOR = YES;
				GCC_WARN_UNINITIALIZED_AUTOS = YES_AGGRESSIVE;
				GCC_WARN_UNUSED_FUNCTION = YES;
				GCC_WARN_UNUSED_VARIABLE = YES;
				IPHONEOS_DEPLOYMENT_TARGET = 14.5;
				MTL_ENABLE_DEBUG_INFO = NO;
				MTL_FAST_MATH = YES;
				SDKROOT = iphoneos;
				SWIFT_COMPILATION_MODE = wholemodule;
				SWIFT_OPTIMIZATION_LEVEL = "-O";
				VALIDATE_PRODUCT = YES;
			};
			name = Release;
		};
		D85D01EC2663C33200DDFC38 /* Debug */ = {
			isa = XCBuildConfiguration;
			buildSettings = {
				ASSETCATALOG_COMPILER_APPICON_NAME = AppIcon;
				ASSETCATALOG_COMPILER_GLOBAL_ACCENT_COLOR_NAME = AccentColor;
				CODE_SIGN_STYLE = Automatic;
				DEVELOPMENT_TEAM = B3YCY6CV98;
				INFOPLIST_FILE = Summer/Info.plist;
				LD_RUNPATH_SEARCH_PATHS = (
					"$(inherited)",
					"@executable_path/Frameworks",
				);
				PRODUCT_BUNDLE_IDENTIFIER = com.fastcampus.Summer;
				PRODUCT_NAME = "$(TARGET_NAME)";
				SWIFT_VERSION = 5.0;
				TARGETED_DEVICE_FAMILY = "1,2";
			};
			name = Debug;
		};
		D85D01ED2663C33200DDFC38 /* Release */ = {
			isa = XCBuildConfiguration;
			buildSettings = {
				ASSETCATALOG_COMPILER_APPICON_NAME = AppIcon;
				ASSETCATALOG_COMPILER_GLOBAL_ACCENT_COLOR_NAME = AccentColor;
				CODE_SIGN_STYLE = Automatic;
				DEVELOPMENT_TEAM = B3YCY6CV98;
				INFOPLIST_FILE = Summer/Info.plist;
				LD_RUNPATH_SEARCH_PATHS = (
					"$(inherited)",
					"@executable_path/Frameworks",
				);
				PRODUCT_BUNDLE_IDENTIFIER = com.fastcampus.Summer;
				PRODUCT_NAME = "$(TARGET_NAME)";
				SWIFT_VERSION = 5.0;
				TARGETED_DEVICE_FAMILY = "1,2";
			};
			name = Release;
		};
/* End XCBuildConfiguration section */

/* Begin XCConfigurationList section */
		D85D01D22663C33000DDFC38 /* Build configuration list for PBXProject "Summer" */ = {
			isa = XCConfigurationList;
			buildConfigurations = (
				D85D01E92663C33200DDFC38 /* Debug */,
				D85D01EA2663C33200DDFC38 /* Release */,
			);
			defaultConfigurationIsVisible = 0;
			defaultConfigurationName = Release;
		};
		D85D01EB2663C33200DDFC38 /* Build configuration list for PBXNativeTarget "Summer" */ = {
			isa = XCConfigurationList;
			buildConfigurations = (
				D85D01EC2663C33200DDFC38 /* Debug */,
				D85D01ED2663C33200DDFC38 /* Release */,
			);
			defaultConfigurationIsVisible = 0;
			defaultConfigurationName = Release;
		};
/* End XCConfigurationList section */
	};
	rootObject = D85D01CF2663C33000DDFC38 /* Project object */;
}
